
Microsoft Visual Studio Solution File, Format Version 11.00
# Visual Studio 2010
Project("{FAE04EC0-301F-11D3-BF4B-00C04F79EFBC}") = "HelloWorld", "HelloWorld\HelloWorld.csproj", "{9CAD217D-7D25-476F-8A10-AF93F7144FB9}"
EndProject
Project("{FAE04EC0-301F-11D3-BF4B-00C04F79EFBC}") = "Practical1", "Practical1\Practical1.csproj", "{637281B8-542C-4E04-97FA-C1AFA219CFA8}"
EndProject
Global
	GlobalSection(SolutionConfigurationPlatforms) = preSolution
		Debug|x86 = Debug|x86
		Release|x86 = Release|x86
	EndGlobalSection
	GlobalSection(ProjectConfigurationPlatforms) = postSolution
		{9CAD217D-7D25-476F-8A10-AF93F7144FB9}.Debug|x86.ActiveCfg = Debug|x86
		{9CAD217D-7D25-476F-8A10-AF93F7144FB9}.Debug|x86.Build.0 = Debug|x86
		{9CAD217D-7D25-476F-8A10-AF93F7144FB9}.Release|x86.ActiveCfg = Release|x86
		{9CAD217D-7D25-476F-8A10-AF93F7144FB9}.Release|x86.Build.0 = Release|x86
		{637281B8-542C-4E04-97FA-C1AFA219CFA8}.Debug|x86.ActiveCfg = Debug|x86
		{637281B8-542C-4E04-97FA-C1AFA219CFA8}.Debug|x86.Build.0 = Debug|x86
		{637281B8-542C-4E04-97FA-C1AFA219CFA8}.Release|x86.ActiveCfg = Release|x86
		{637281B8-542C-4E04-97FA-C1AFA219CFA8}.Release|x86.Build.0 = Release|x86
	EndGlobalSection
	GlobalSection(SolutionProperties) = preSolution
		HideSolutionNode = FALSE
	EndGlobalSection
EndGlobal
